PODS:
  - Brightcove-Player-Core (6.4.4):
    - Brightcove-Player-Core/default (= 6.4.4)
  - Brightcove-Player-Core/default (6.4.4)

DEPENDENCIES:
  - Brightcove-Player-Core

SPEC REPOS:
  https://github.com/brightcove/BrightcoveSpecs.git:
    - Brightcove-Player-Core

SPEC CHECKSUMS:
  Brightcove-Player-Core: 68e5ebe8c801064f46d92525f64753e509245596

PODFILE CHECKSUM: 798aeaaa440086a1ac68bb79406b67e7ecf3fe95

COCOAPODS: 1.7.2
