PODS:
  - Brightcove-Player-Core (6.2.0):
    - Brightcove-Player-Core/default (= 6.2.0)
  - Brightcove-Player-Core/default (6.2.0)

DEPENDENCIES:
  - Brightcove-Player-Core

SPEC REPOS:
  https://github.com/brightcove/BrightcoveSpecs.git:
    - Brightcove-Player-Core

SPEC CHECKSUMS:
  Brightcove-Player-Core: 4dafc89aa982191b72becca2fdb7e3f5e8e1f2bf

PODFILE CHECKSUM: f515659e6b20a44be189c2363a68b4a5ff8f20a2

COCOAPODS: 1.5.3
