// !$*UTF8*$!
{
	archiveVersion = 1;
	classes = {
	};
	objectVersion = 48;
	objects = {

/* Begin PBXBuildFile section */
		713443DE229BDB220071B8E4 /* BrightcovePlayer.m in Sources */ = {isa = PBXBuildFile; fileRef = 713443D2229BDB220071B8E4 /* BrightcovePlayer.m */; };
		713443DF229BDB220071B8E4 /* BrightcovePlayerOfflineVideoManager.m in Sources */ = {isa = PBXBuildFile; fileRef = 713443D4229BDB220071B8E4 /* BrightcovePlayerOfflineVideoManager.m */; };
		713443E0229BDB220071B8E4 /* BrightcovePlayerManager.m in Sources */ = {isa = PBXBuildFile; fileRef = 713443D5229BDB220071B8E4 /* BrightcovePlayerManager.m */; };
		713443E1229BDB220071B8E4 /* BrightcovePlayerPosterManager.m in Sources */ = {isa = PBXBuildFile; fileRef = 713443DA229BDB220071B8E4 /* BrightcovePlayerPosterManager.m */; };
		713443E2229BDB220071B8E4 /* BrightcovePlayerUtil.m in Sources */ = {isa = PBXBuildFile; fileRef = 713443DB229BDB220071B8E4 /* BrightcovePlayerUtil.m */; };
		713443E3229BDB220071B8E4 /* BrightcovePlayerPoster.m in Sources */ = {isa = PBXBuildFile; fileRef = 713443DC229BDB220071B8E4 /* BrightcovePlayerPoster.m */; };
/* End PBXBuildFile section */

/* Begin PBXCopyFilesBuildPhase section */
		7100FCB120A432C40014A205 /* CopyFiles */ = {
			isa = PBXCopyFilesBuildPhase;
			buildActionMask = 2147483647;
			dstPath = "include/$(PRODUCT_NAME)";
			dstSubfolderSpec = 16;
			files = (
			);
			runOnlyForDeploymentPostprocessing = 0;
		};
/* End PBXCopyFilesBuildPhase section */

/* Begin PBXFileReference section */
		7100FCB320A432C40014A205 /* libreact-native-brightcove-player.a */ = {isa = PBXFileReference; explicitFileType = archive.ar; includeInIndex = 0; path = "libreact-native-brightcove-player.a"; sourceTree = BUILT_PRODUCTS_DIR; };
		713443D2229BDB220071B8E4 /* BrightcovePlayer.m */ = {isa = PBXFileReference; fileEncoding = 4; lastKnownFileType = sourcecode.c.objc; path = BrightcovePlayer.m; sourceTree = "<group>"; };
		713443D3229BDB220071B8E4 /* BrightcovePlayerManager.h */ = {isa = PBXFileReference; fileEncoding = 4; lastKnownFileType = sourcecode.c.h; path = BrightcovePlayerManager.h; sourceTree = "<group>"; };
		713443D4229BDB220071B8E4 /* BrightcovePlayerOfflineVideoManager.m */ = {isa = PBXFileReference; fileEncoding = 4; lastKnownFileType = sourcecode.c.objc; path = BrightcovePlayerOfflineVideoManager.m; sourceTree = "<group>"; };
		713443D5229BDB220071B8E4 /* BrightcovePlayerManager.m */ = {isa = PBXFileReference; fileEncoding = 4; lastKnownFileType = sourcecode.c.objc; path = BrightcovePlayerManager.m; sourceTree = "<group>"; };
		713443D6229BDB220071B8E4 /* BrightcovePlayerUtil.h */ = {isa = PBXFileReference; fileEncoding = 4; lastKnownFileType = sourcecode.c.h; path = BrightcovePlayerUtil.h; sourceTree = "<group>"; };
		713443D7229BDB220071B8E4 /* BrightcovePlayerPosterManager.h */ = {isa = PBXFileReference; fileEncoding = 4; lastKnownFileType = sourcecode.c.h; path = BrightcovePlayerPosterManager.h; sourceTree = "<group>"; };
		713443D8229BDB220071B8E4 /* BrightcovePlayerOfflineVideoManager.h */ = {isa = PBXFileReference; fileEncoding = 4; lastKnownFileType = sourcecode.c.h; path = BrightcovePlayerOfflineVideoManager.h; sourceTree = "<group>"; };
		713443D9229BDB220071B8E4 /* BrightcovePlayer.h */ = {isa = PBXFileReference; fileEncoding = 4; lastKnownFileType = sourcecode.c.h; path = BrightcovePlayer.h; sourceTree = "<group>"; };
		713443DA229BDB220071B8E4 /* BrightcovePlayerPosterManager.m */ = {isa = PBXFileReference; fileEncoding = 4; lastKnownFileType = sourcecode.c.objc; path = BrightcovePlayerPosterManager.m; sourceTree = "<group>"; };
		713443DB229BDB220071B8E4 /* BrightcovePlayerUtil.m */ = {isa = PBXFileReference; fileEncoding = 4; lastKnownFileType = sourcecode.c.objc; path = BrightcovePlayerUtil.m; sourceTree = "<group>"; };
		713443DC229BDB220071B8E4 /* BrightcovePlayerPoster.m */ = {isa = PBXFileReference; fileEncoding = 4; lastKnownFileType = sourcecode.c.objc; path = BrightcovePlayerPoster.m; sourceTree = "<group>"; };
		713443DD229BDB220071B8E4 /* BrightcovePlayerPoster.h */ = {isa = PBXFileReference; fileEncoding = 4; lastKnownFileType = sourcecode.c.h; path = BrightcovePlayerPoster.h; sourceTree = "<group>"; };
/* End PBXFileReference section */

/* Begin PBXFrameworksBuildPhase section */
		7100FCB020A432C40014A205 /* Frameworks */ = {
			isa = PBXFrameworksBuildPhase;
			buildActionMask = 2147483647;
			files = (
			);
			runOnlyForDeploymentPostprocessing = 0;
		};
/* End PBXFrameworksBuildPhase section */

/* Begin PBXGroup section */
		7100FCAA20A432C40014A205 = {
			isa = PBXGroup;
			children = (
				713443D9229BDB220071B8E4 /* BrightcovePlayer.h */,
				713443D2229BDB220071B8E4 /* BrightcovePlayer.m */,
				713443D3229BDB220071B8E4 /* BrightcovePlayerManager.h */,
				713443D5229BDB220071B8E4 /* BrightcovePlayerManager.m */,
				713443D8229BDB220071B8E4 /* BrightcovePlayerOfflineVideoManager.h */,
				713443D4229BDB220071B8E4 /* BrightcovePlayerOfflineVideoManager.m */,
				713443DD229BDB220071B8E4 /* BrightcovePlayerPoster.h */,
				713443DC229BDB220071B8E4 /* BrightcovePlayerPoster.m */,
				713443D7229BDB220071B8E4 /* BrightcovePlayerPosterManager.h */,
				713443DA229BDB220071B8E4 /* BrightcovePlayerPosterManager.m */,
				713443D6229BDB220071B8E4 /* BrightcovePlayerUtil.h */,
				713443DB229BDB220071B8E4 /* BrightcovePlayerUtil.m */,
				7100FCB420A432C40014A205 /* Products */,
			);
			sourceTree = "<group>";
		};
		7100FCB420A432C40014A205 /* Products */ = {
			isa = PBXGroup;
			children = (
				7100FCB320A432C40014A205 /* libreact-native-brightcove-player.a */,
			);
			name = Products;
			sourceTree = "<group>";
		};
/* End PBXGroup section */

/* Begin PBXNativeTarget section */
		7100FCB220A432C40014A205 /* react-native-brightcove-player */ = {
			isa = PBXNativeTarget;
			buildConfigurationList = 7100FCBC20A432C40014A205 /* Build configuration list for PBXNativeTarget "react-native-brightcove-player" */;
			buildPhases = (
				7100FCAF20A432C40014A205 /* Sources */,
				7100FCB020A432C40014A205 /* Frameworks */,
				7100FCB120A432C40014A205 /* CopyFiles */,
			);
			buildRules = (
			);
			dependencies = (
			);
			name = "react-native-brightcove-player";
			productName = "react-native-brightcove-player";
			productReference = 7100FCB320A432C40014A205 /* libreact-native-brightcove-player.a */;
			productType = "com.apple.product-type.library.static";
		};
/* End PBXNativeTarget section */

/* Begin PBXProject section */
		7100FCAB20A432C40014A205 /* Project object */ = {
			isa = PBXProject;
			attributes = {
				LastUpgradeCheck = 0920;
				TargetAttributes = {
					7100FCB220A432C40014A205 = {
						CreatedOnToolsVersion = 9.2;
						ProvisioningStyle = Automatic;
					};
				};
			};
			buildConfigurationList = 7100FCAE20A432C40014A205 /* Build configuration list for PBXProject "react-native-brightcove-player" */;
			compatibilityVersion = "Xcode 8.0";
			developmentRegion = en;
			hasScannedForEncodings = 0;
			knownRegions = (
				en,
			);
			mainGroup = 7100FCAA20A432C40014A205;
			productRefGroup = 7100FCB420A432C40014A205 /* Products */;
			projectDirPath = "";
			projectRoot = "";
			targets = (
				7100FCB220A432C40014A205 /* react-native-brightcove-player */,
			);
		};
/* End PBXProject section */

/* Begin PBXSourcesBuildPhase section */
		7100FCAF20A432C40014A205 /* Sources */ = {
			isa = PBXSourcesBuildPhase;
			buildActionMask = 2147483647;
			files = (
				713443E1229BDB220071B8E4 /* BrightcovePlayerPosterManager.m in Sources */,
				713443DE229BDB220071B8E4 /* BrightcovePlayer.m in Sources */,
				713443E3229BDB220071B8E4 /* BrightcovePlayerPoster.m in Sources */,
				713443E2229BDB220071B8E4 /* BrightcovePlayerUtil.m in Sources */,
				713443E0229BDB220071B8E4 /* BrightcovePlayerManager.m in Sources */,
				713443DF229BDB220071B8E4 /* BrightcovePlayerOfflineVideoManager.m in Sources */,
			);
			runOnlyForDeploymentPostprocessing = 0;
		};
/* End PBXSourcesBuildPhase section */

/* Begin XCBuildConfiguration section */
		7100FCBA20A432C40014A205 /* Debug */ = {
			isa = XCBuildConfiguration;
			buildSettings = {
				ALWAYS_SEARCH_USER_PATHS = NO;
				CLANG_ANALYZER_NONNULL = YES;
				CLANG_ANALYZER_NUMBER_OBJECT_CONVERSION = YES_AGGRESSIVE;
				CLANG_CXX_LANGUAGE_STANDARD = "gnu++14";
				CLANG_CXX_LIBRARY = "libc++";
				CLANG_ENABLE_MODULES = YES;
				CLANG_ENABLE_OBJC_ARC = YES;
				CLANG_WARN_BLOCK_CAPTURE_AUTORELEASING = YES;
				CLANG_WARN_BOOL_CONVERSION = YES;
				CLANG_WARN_COMMA = YES;
				CLANG_WARN_CONSTANT_CONVERSION = YES;
				CLANG_WARN_DIRECT_OBJC_ISA_USAGE = YES_ERROR;
				CLANG_WARN_DOCUMENTATION_COMMENTS = YES;
				CLANG_WARN_EMPTY_BODY = YES;
				CLANG_WARN_ENUM_CONVERSION = YES;
				CLANG_WARN_INFINITE_RECURSION = YES;
				CLANG_WARN_INT_CONVERSION = YES;
				CLANG_WARN_NON_LITERAL_NULL_CONVERSION = YES;
				CLANG_WARN_OBJC_LITERAL_CONVERSION = YES;
				CLANG_WARN_OBJC_ROOT_CLASS = YES_ERROR;
				CLANG_WARN_RANGE_LOOP_ANALYSIS = YES;
				CLANG_WARN_STRICT_PROTOTYPES = YES;
				CLANG_WARN_SUSPICIOUS_MOVE = YES;
				CLANG_WARN_UNGUARDED_AVAILABILITY = YES_AGGRESSIVE;
				CLANG_WARN_UNREACHABLE_CODE = YES;
				CLANG_WARN__DUPLICATE_METHOD_MATCH = YES;
				CODE_SIGN_IDENTITY = "iPhone Developer";
				COPY_PHASE_STRIP = NO;
				DEBUG_INFORMATION_FORMAT = dwarf;
				ENABLE_STRICT_OBJC_MSGSEND = YES;
				ENABLE_TESTABILITY = YES;
				GCC_C_LANGUAGE_STANDARD = gnu11;
				GCC_DYNAMIC_NO_PIC = NO;
				GCC_NO_COMMON_BLOCKS = YES;
				GCC_OPTIMIZATION_LEVEL = 0;
				GCC_PREPROCESSOR_DEFINITIONS = (
					"DEBUG=1",
					"$(inherited)",
				);
				GCC_WARN_64_TO_32_BIT_CONVERSION = YES;
				GCC_WARN_ABOUT_RETURN_TYPE = YES_ERROR;
				GCC_WARN_UNDECLARED_SELECTOR = YES;
				GCC_WARN_UNINITIALIZED_AUTOS = YES_AGGRESSIVE;
				GCC_WARN_UNUSED_FUNCTION = YES;
				GCC_WARN_UNUSED_VARIABLE = YES;
				IPHONEOS_DEPLOYMENT_TARGET = 11.2;
				MTL_ENABLE_DEBUG_INFO = YES;
				ONLY_ACTIVE_ARCH = YES;
				SDKROOT = iphoneos;
			};
			name = Debug;
		};
		7100FCBB20A432C40014A205 /* Release */ = {
			isa = XCBuildConfiguration;
			buildSettings = {
				ALWAYS_SEARCH_USER_PATHS = NO;
				CLANG_ANALYZER_NONNULL = YES;
				CLANG_ANALYZER_NUMBER_OBJECT_CONVERSION = YES_AGGRESSIVE;
				CLANG_CXX_LANGUAGE_STANDARD = "gnu++14";
				CLANG_CXX_LIBRARY = "libc++";
				CLANG_ENABLE_MODULES = YES;
				CLANG_ENABLE_OBJC_ARC = YES;
				CLANG_WARN_BLOCK_CAPTURE_AUTORELEASING = YES;
				CLANG_WARN_BOOL_CONVERSION = YES;
				CLANG_WARN_COMMA = YES;
				CLANG_WARN_CONSTANT_CONVERSION = YES;
				CLANG_WARN_DIRECT_OBJC_ISA_USAGE = YES_ERROR;
				CLANG_WARN_DOCUMENTATION_COMMENTS = YES;
				CLANG_WARN_EMPTY_BODY = YES;
				CLANG_WARN_ENUM_CONVERSION = YES;
				CLANG_WARN_INFINITE_RECURSION = YES;
				CLANG_WARN_INT_CONVERSION = YES;
				CLANG_WARN_NON_LITERAL_NULL_CONVERSION = YES;
				CLANG_WARN_OBJC_LITERAL_CONVERSION = YES;
				CLANG_WARN_OBJC_ROOT_CLASS = YES_ERROR;
				CLANG_WARN_RANGE_LOOP_ANALYSIS = YES;
				CLANG_WARN_STRICT_PROTOTYPES = YES;
				CLANG_WARN_SUSPICIOUS_MOVE = YES;
				CLANG_WARN_UNGUARDED_AVAILABILITY = YES_AGGRESSIVE;
				CLANG_WARN_UNREACHABLE_CODE = YES;
				CLANG_WARN__DUPLICATE_METHOD_MATCH = YES;
				CODE_SIGN_IDENTITY = "iPhone Developer";
				COPY_PHASE_STRIP = NO;
				DEBUG_INFORMATION_FORMAT = "dwarf-with-dsym";
				ENABLE_NS_ASSERTIONS = NO;
				ENABLE_STRICT_OBJC_MSGSEND = YES;
				GCC_C_LANGUAGE_STANDARD = gnu11;
				GCC_NO_COMMON_BLOCKS = YES;
				GCC_WARN_64_TO_32_BIT_CONVERSION = YES;
				GCC_WARN_ABOUT_RETURN_TYPE = YES_ERROR;
				GCC_WARN_UNDECLARED_SELECTOR = YES;
				GCC_WARN_UNINITIALIZED_AUTOS = YES_AGGRESSIVE;
				GCC_WARN_UNUSED_FUNCTION = YES;
				GCC_WARN_UNUSED_VARIABLE = YES;
				IPHONEOS_DEPLOYMENT_TARGET = 11.2;
				MTL_ENABLE_DEBUG_INFO = NO;
				SDKROOT = iphoneos;
				VALIDATE_PRODUCT = YES;
			};
			name = Release;
		};
		7100FCBD20A432C40014A205 /* Debug */ = {
			isa = XCBuildConfiguration;
			buildSettings = {
				CODE_SIGN_STYLE = Automatic;
				FRAMEWORK_SEARCH_PATHS = (
					"$(inherited)",
					"$(PROJECT_DIR)",
					"$(SRCROOT)/../example/Pods/Brightcove-Player-Core/**",
					"$(SRCROOT)/../../../ios/Pods/Brightcove-Player-Core/**",
				);
				HEADER_SEARCH_PATHS = (
					"$(BUILT_PRODUCTS_DIR)",
					/Applications/Xcode.app/Contents/Developer/Toolchains/XcodeDefault.xctoolchain/usr/include,
					"$(SRCROOT)/../example/ios/Pods/Brightcove-Player-Core/**",
					"$(SRCROOT)/../../../ios/Pods/Brightcove-Player-Core/**",
				);
				OTHER_LDFLAGS = "-ObjC";
				PRODUCT_NAME = "$(TARGET_NAME)";
				SKIP_INSTALL = YES;
				TARGETED_DEVICE_FAMILY = "1,2";
				USER_HEADER_SEARCH_PATHS = "";
			};
			name = Debug;
		};
		7100FCBE20A432C40014A205 /* Release */ = {
			isa = XCBuildConfiguration;
			buildSettings = {
				CODE_SIGN_STYLE = Automatic;
				FRAMEWORK_SEARCH_PATHS = (
					"$(inherited)",
					"$(PROJECT_DIR)",
					"$(SRCROOT)/../example/Pods/Brightcove-Player-Core/**",
					"$(SRCROOT)/../../../ios/Pods/Brightcove-Player-Core/**",
				);
				HEADER_SEARCH_PATHS = (
					"$(BUILT_PRODUCTS_DIR)",
					/Applications/Xcode.app/Contents/Developer/Toolchains/XcodeDefault.xctoolchain/usr/include,
					"$(SRCROOT)/../example/ios/Pods/Brightcove-Player-Core/**",
					"$(SRCROOT)/../../../ios/Pods/Brightcove-Player-Core/**",
				);
				OTHER_LDFLAGS = "-ObjC";
				PRODUCT_NAME = "$(TARGET_NAME)";
				SKIP_INSTALL = YES;
				TARGETED_DEVICE_FAMILY = "1,2";
				USER_HEADER_SEARCH_PATHS = "";
			};
			name = Release;
		};
/* End XCBuildConfiguration section */

/* Begin XCConfigurationList section */
		7100FCAE20A432C40014A205 /* Build configuration list for PBXProject "react-native-brightcove-player" */ = {
			isa = XCConfigurationList;
			buildConfigurations = (
				7100FCBA20A432C40014A205 /* Debug */,
				7100FCBB20A432C40014A205 /* Release */,
			);
			defaultConfigurationIsVisible = 0;
			defaultConfigurationName = Release;
		};
		7100FCBC20A432C40014A205 /* Build configuration list for PBXNativeTarget "react-native-brightcove-player" */ = {
			isa = XCConfigurationList;
			buildConfigurations = (
				7100FCBD20A432C40014A205 /* Debug */,
				7100FCBE20A432C40014A205 /* Release */,
			);
			defaultConfigurationIsVisible = 0;
			defaultConfigurationName = Release;
		};
/* End XCConfigurationList section */
	};
	rootObject = 7100FCAB20A432C40014A205 /* Project object */;
}
